
Microsoft Visual Studio Solution File, Format Version 12.00
# Visual Studio Version 16
VisualStudioVersion = 16.0.31205.134
MinimumVisualStudioVersion = 10.0.40219.1
Project("{FAE04EC0-301F-11D3-BF4B-00C04F79EFBC}") = "EquipControl", "EquipControl\EquipControl.csproj", "{F6A33C9A-E6AF-49A8-96D3-03740A537238}"
EndProject
Global
	GlobalSection(SolutionConfigurationPlatforms) = preSolution
		Debug|Any CPU = Debug|Any CPU
		Release|Any CPU = Release|Any CPU
	EndGlobalSection
	GlobalSection(ProjectConfigurationPlatforms) = postSolution
		{F6A33C9A-E6AF-49A8-96D3-03740A537238}.Debug|Any CPU.ActiveCfg = Debug|Any CPU
		{F6A33C9A-E6AF-49A8-96D3-03740A537238}.Debug|Any CPU.Build.0 = Debug|Any CPU
		{F6A33C9A-E6AF-49A8-96D3-03740A537238}.Release|Any CPU.ActiveCfg = Release|Any CPU
		{F6A33C9A-E6AF-49A8-96D3-03740A537238}.Release|Any CPU.Build.0 = Release|Any CPU
	EndGlobalSection
	GlobalSection(SolutionProperties) = preSolution
		HideSolutionNode = FALSE
	EndGlobalSection
	GlobalSection(ExtensibilityGlobals) = postSolution
		SolutionGuid = {7A6B87B7-DB73-4C8E-95FF-00194937ABFB}
	EndGlobalSection
EndGlobal
